NeoBundleLock lightline.vim 6e25afeda10e4865b6d10d149d8b448b1235a129
NeoBundleLock neobundle.vim dab02f0513dc7f8832cb7c191d43b84982ef34cb
NeoBundleLock neocomplete.vim eda21d56ee674f611f551ec16eadfbd677284bdc
NeoBundleLock unite.vim e88b81f0f391cab68b66004c3d6f1901c6ad9f1f
NeoBundleLock vimfiler.vim 51ed6a55d5efd1dde20f1fae03914ed0b417756a
NeoBundleLock vimproc.vim 04b45cd80f48f66daed04a1a48a7ea4e7d316086
NeoBundleLock vimshell.vim f30a0a784de761ce4d9abd5bd85897963bbf5af6
